
Microsoft Visual Studio Solution File, Format Version 12.00
# Visual Studio Version 16
VisualStudioVersion = 16.0.30804.86
MinimumVisualStudioVersion = 10.0.40219.1
Project("{2150E333-8FDC-42A3-9474-1A3956D46DE8}") = "01.Clients", "01.Clients", "{6EF8B69D-07C6-4216-8791-487305BA0401}"
EndProject
Project("{2150E333-8FDC-42A3-9474-1A3956D46DE8}") = "02.Api.Gateways", "02.Api.Gateways", "{6334E9F3-AF46-4B19-8352-E7D0CE57E5C7}"
EndProject
Project("{2150E333-8FDC-42A3-9474-1A3956D46DE8}") = "03.Services", "03.Services", "{DCF99FC3-5A74-4A24-B51A-982D1E43EF43}"
EndProject
Project("{2150E333-8FDC-42A3-9474-1A3956D46DE8}") = "01.Identity", "01.Identity", "{684FF581-1C75-4244-8A4D-E85167894F14}"
EndProject
Project("{2150E333-8FDC-42A3-9474-1A3956D46DE8}") = "02.Catalog", "02.Catalog", "{179EA859-E4DC-4683-AA37-4194C39050B2}"
EndProject
Project("{2150E333-8FDC-42A3-9474-1A3956D46DE8}") = "03.Customer", "03.Customer", "{4E9CD5F0-76EE-4A97-9A3D-9ACD52C0AC02}"
EndProject
Project("{2150E333-8FDC-42A3-9474-1A3956D46DE8}") = "04.Order", "04.Order", "{275A4AA2-497D-4521-A8A5-E2EBBAE485FD}"
EndProject
Project("{9A19103F-16F7-4668-BE54-9A1E7A4F7556}") = "Catalog.Api", "src\Services\Catalog\Catalog.Api\Catalog.Api.csproj", "{058113B9-A990-4B9D-9331-A8CCD423183F}"
EndProject
Project("{2150E333-8FDC-42A3-9474-1A3956D46DE8}") = "01.Api", "01.Api", "{2C82A0E8-2CB3-44C6-9641-6B251D88E1C9}"
EndProject
Project("{2150E333-8FDC-42A3-9474-1A3956D46DE8}") = "02.Services", "02.Services", "{0AC8CDC4-1CD1-4F87-B507-125B763CCFEE}"
EndProject
Project("{2150E333-8FDC-42A3-9474-1A3956D46DE8}") = "03.Persistence", "03.Persistence", "{DFE9C820-34D3-4861-BB3B-BCA24D8DC800}"
EndProject
Project("{2150E333-8FDC-42A3-9474-1A3956D46DE8}") = "04.Models", "04.Models", "{D128B2AD-09BB-42E1-A97E-BA9F92776476}"
EndProject
Project("{9A19103F-16F7-4668-BE54-9A1E7A4F7556}") = "Catalog.Persistence.Database", "src\Services\Catalog\Catalog.Persistence.Database\Catalog.Persistence.Database.csproj", "{0D21CD8C-D9BF-4B60-AE4C-E11DDD8A1F7A}"
EndProject
Project("{9A19103F-16F7-4668-BE54-9A1E7A4F7556}") = "Catalog.Domain", "src\Services\Catalog\Catalog.Domain\Catalog.Domain.csproj", "{870399E7-3118-452D-B20A-DF7DB975904C}"
EndProject
Project("{9A19103F-16F7-4668-BE54-9A1E7A4F7556}") = "Catalog.Service.Queries", "src\Services\Catalog\Catalog.Service.Queries\Catalog.Service.Queries.csproj", "{296444E6-6F14-4007-9035-C6398100FF8B}"
EndProject
Project("{2150E333-8FDC-42A3-9474-1A3956D46DE8}") = "05.Common", "05.Common", "{5F1CDE8D-92AC-4887-824C-F647244B98EE}"
EndProject
Project("{9A19103F-16F7-4668-BE54-9A1E7A4F7556}") = "Service.Common.Collection", "src\Services\Service.Common.Collection\Service.Common.Collection.csproj", "{CC749973-B1E8-4225-A5DF-D0E3A7486054}"
EndProject
Project("{9A19103F-16F7-4668-BE54-9A1E7A4F7556}") = "Service.Common.Mapping", "src\Services\Service.Common.Mapping\Service.Common.Mapping.csproj", "{24277225-3FEE-4854-A32C-8E9B0DE40976}"
EndProject
Project("{9A19103F-16F7-4668-BE54-9A1E7A4F7556}") = "Service.Common.Paging", "src\Services\Service.Common.Paging\Service.Common.Paging.csproj", "{4C764808-64AA-4FBC-AB7E-765D7EBD45BE}"
EndProject
Project("{9A19103F-16F7-4668-BE54-9A1E7A4F7556}") = "Catalog.Service.EventHandlers", "src\Services\Catalog\Catalog.Service.EventHandlers\Catalog.Service.EventHandlers.csproj", "{0BE71CF3-052F-44C8-972D-C264AD7F9643}"
EndProject
Project("{2150E333-8FDC-42A3-9474-1A3956D46DE8}") = "05.Common", "05.Common", "{ABE8C6C6-B4CF-40FB-AD7B-EFDE3C2C15F6}"
EndProject
Project("{9A19103F-16F7-4668-BE54-9A1E7A4F7556}") = "Catalog.Common", "src\Services\Catalog\Catalog.Common\Catalog.Common.csproj", "{36D39745-4424-48BD-89FD-41BC9F00C416}"
EndProject
Project("{2150E333-8FDC-42A3-9474-1A3956D46DE8}") = "04.Common", "04.Common", "{C635FC90-7976-4F4B-9908-9B2B15F62431}"
EndProject
Project("{9A19103F-16F7-4668-BE54-9A1E7A4F7556}") = "Common.Logging", "src\Common.Logging\Common.Logging.csproj", "{831D7E94-9953-451F-A3C7-8AA34411B347}"
EndProject
Project("{2150E333-8FDC-42A3-9474-1A3956D46DE8}") = "06.Testing", "06.Testing", "{6B308727-780F-4875-B29A-6C967F1B7832}"
EndProject
Project("{9A19103F-16F7-4668-BE54-9A1E7A4F7556}") = "Catalog.Tests", "src\Services\Catalog\Catalog.Tests\Catalog.Tests.csproj", "{68618A6D-1077-4DB8-872A-9EC078E8B6FB}"
EndProject
Project("{9A19103F-16F7-4668-BE54-9A1E7A4F7556}") = "Customer.Api", "src\Services\Customer\Customer.Api\Customer.Api.csproj", "{F631BE31-E8BA-46B5-ACDA-E04A4BC3409B}"
EndProject
Project("{9A19103F-16F7-4668-BE54-9A1E7A4F7556}") = "Order.Api", "src\Services\Order\Order.Api\Order.Api.csproj", "{C181DF71-C3AE-4779-AD22-119E4CDE653D}"
EndProject
Project("{9A19103F-16F7-4668-BE54-9A1E7A4F7556}") = "Order.Common", "src\Services\Order\Order.Common\Order.Common.csproj", "{325EECBC-9016-4A82-81C7-E9E4D73BC5EA}"
EndProject
Project("{2150E333-8FDC-42A3-9474-1A3956D46DE8}") = "01.Api", "01.Api", "{B75C9378-5C17-4805-A9B1-EBABF5BAE57D}"
EndProject
Project("{2150E333-8FDC-42A3-9474-1A3956D46DE8}") = "02.Services", "02.Services", "{4C969BDA-648D-4972-8B94-6205ADFB6B4B}"
EndProject
Project("{2150E333-8FDC-42A3-9474-1A3956D46DE8}") = "03.Persistence", "03.Persistence", "{5C4A6CA3-5CDB-4F0A-8D5D-8A2AE4664728}"
EndProject
Project("{2150E333-8FDC-42A3-9474-1A3956D46DE8}") = "04.Models", "04.Models", "{46A08E22-7CB6-4CDC-8433-9045487C3590}"
EndProject
Project("{2150E333-8FDC-42A3-9474-1A3956D46DE8}") = "05.Common", "05.Common", "{43233623-BBFD-471E-8FB8-3DC400C52CF8}"
EndProject
Project("{2150E333-8FDC-42A3-9474-1A3956D46DE8}") = "06.Testing", "06.Testing", "{884EEF64-4FCA-4675-80DD-97A4CE28F502}"
EndProject
Project("{9A19103F-16F7-4668-BE54-9A1E7A4F7556}") = "Order.Service.EventHandlers", "src\Services\Order\Order.Service.EventHandlers\Order.Service.EventHandlers.csproj", "{0C6071CB-C98D-4876-9378-626991046DA9}"
EndProject
Project("{9A19103F-16F7-4668-BE54-9A1E7A4F7556}") = "Order.Persistence.Database", "src\Services\Order\Order.Persistence.Database\Order.Persistence.Database.csproj", "{771C8D2D-0DE7-4306-9740-7168967C6B47}"
EndProject
Project("{9A19103F-16F7-4668-BE54-9A1E7A4F7556}") = "Order.Domain", "src\Services\Order\Order.Domain\Order.Domain.csproj", "{E18C2453-872A-4318-9985-50949D478110}"
EndProject
Project("{9A19103F-16F7-4668-BE54-9A1E7A4F7556}") = "Order.Service.Proxies", "src\Services\Order\Order.Service.Proxies\Order.Service.Proxies.csproj", "{92BB89C3-E36B-4B93-9284-8F374F9B34C3}"
EndProject
Project("{9A19103F-16F7-4668-BE54-9A1E7A4F7556}") = "Order.Service.Queries", "src\Services\Order\Order.Service.Queries\Order.Service.Queries.csproj", "{16EFE3C2-6564-4592-8117-9D2CF1CDD81C}"
EndProject
Project("{2150E333-8FDC-42A3-9474-1A3956D46DE8}") = "01.Api", "01.Api", "{6C56E8BD-6A8A-4CCF-9481-4F12736A5B8A}"
EndProject
Project("{2150E333-8FDC-42A3-9474-1A3956D46DE8}") = "02.Services", "02.Services", "{F99F9DCA-C827-4D58-BB68-0F916C73DFF8}"
EndProject
Project("{9A19103F-16F7-4668-BE54-9A1E7A4F7556}") = "Customer.Service.EventHandlers", "src\Services\Customer\Customer.Service.EventHandlers\Customer.Service.EventHandlers.csproj", "{C7887EFB-FD95-4E7C-82DB-04402343FAEE}"
EndProject
Project("{9A19103F-16F7-4668-BE54-9A1E7A4F7556}") = "Customer.Service.Queries", "src\Services\Customer\Customer.Service.Queries\Customer.Service.Queries.csproj", "{652F8678-29A7-4A91-9B04-C42F1825BFBE}"
EndProject
Project("{2150E333-8FDC-42A3-9474-1A3956D46DE8}") = "03.Persistence", "03.Persistence", "{6C289C87-175F-4971-A7D8-39E29923C03E}"
EndProject
Project("{9A19103F-16F7-4668-BE54-9A1E7A4F7556}") = "Customer.Persistence.Database", "src\Services\Customer\Customer.Persistence.Database\Customer.Persistence.Database.csproj", "{70EE8D96-4AA4-4E1E-8ABB-EF7B77367686}"
EndProject
Project("{2150E333-8FDC-42A3-9474-1A3956D46DE8}") = "04.Models", "04.Models", "{EB52519B-DBC0-415A-B164-14B7309AF4AE}"
EndProject
Project("{9A19103F-16F7-4668-BE54-9A1E7A4F7556}") = "Customer.Domain", "src\Services\Customer\Customer.Domain\Customer.Domain.csproj", "{072C3CA5-7D1F-4892-95F2-15631BFFBFF5}"
EndProject
Project("{2150E333-8FDC-42A3-9474-1A3956D46DE8}") = "05.Testing", "05.Testing", "{BC5400BA-E0B3-4AAD-9390-6877F06E666A}"
EndProject
Project("{9A19103F-16F7-4668-BE54-9A1E7A4F7556}") = "Identity.Api", "src\Services\Identity\Identity.Api\Identity.Api.csproj", "{CD00E6A7-8461-459C-B4F5-7D0395A3636D}"
EndProject
Project("{9A19103F-16F7-4668-BE54-9A1E7A4F7556}") = "Identity.Domain", "src\Services\Identity\Identity.Domain\Identity.Domain.csproj", "{0C0B4F20-9559-4CDA-9025-C9D770EF55D3}"
EndProject
Project("{9A19103F-16F7-4668-BE54-9A1E7A4F7556}") = "Identity.Persistence.Database", "src\Services\Identity\Identity.Persistence.Database\Identity.Persistence.Database.csproj", "{6F7D4DC8-AF61-4298-B689-F0C564E092EE}"
EndProject
Project("{9A19103F-16F7-4668-BE54-9A1E7A4F7556}") = "Identity.Service.EventHandlers", "src\Services\Identity\Identity.Service.EventHandlers\Identity.Service.EventHandlers.csproj", "{E9FD22D3-B990-4664-8EBF-2687B0E93B72}"
EndProject
Project("{9A19103F-16F7-4668-BE54-9A1E7A4F7556}") = "Identity.Service.Queries", "src\Services\Identity\Identity.Service.Queries\Identity.Service.Queries.csproj", "{39FEC7EB-8183-4094-94EE-336FCAA88339}"
EndProject
Global
	GlobalSection(SolutionConfigurationPlatforms) = preSolution
		Debug|Any CPU = Debug|Any CPU
		Release|Any CPU = Release|Any CPU
	EndGlobalSection
	GlobalSection(ProjectConfigurationPlatforms) = postSolution
		{058113B9-A990-4B9D-9331-A8CCD423183F}.Debug|Any CPU.ActiveCfg = Debug|Any CPU
		{058113B9-A990-4B9D-9331-A8CCD423183F}.Debug|Any CPU.Build.0 = Debug|Any CPU
		{058113B9-A990-4B9D-9331-A8CCD423183F}.Release|Any CPU.ActiveCfg = Release|Any CPU
		{058113B9-A990-4B9D-9331-A8CCD423183F}.Release|Any CPU.Build.0 = Release|Any CPU
		{0D21CD8C-D9BF-4B60-AE4C-E11DDD8A1F7A}.Debug|Any CPU.ActiveCfg = Debug|Any CPU
		{0D21CD8C-D9BF-4B60-AE4C-E11DDD8A1F7A}.Debug|Any CPU.Build.0 = Debug|Any CPU
		{0D21CD8C-D9BF-4B60-AE4C-E11DDD8A1F7A}.Release|Any CPU.ActiveCfg = Release|Any CPU
		{0D21CD8C-D9BF-4B60-AE4C-E11DDD8A1F7A}.Release|Any CPU.Build.0 = Release|Any CPU
		{870399E7-3118-452D-B20A-DF7DB975904C}.Debug|Any CPU.ActiveCfg = Debug|Any CPU
		{870399E7-3118-452D-B20A-DF7DB975904C}.Debug|Any CPU.Build.0 = Debug|Any CPU
		{870399E7-3118-452D-B20A-DF7DB975904C}.Release|Any CPU.ActiveCfg = Release|Any CPU
		{870399E7-3118-452D-B20A-DF7DB975904C}.Release|Any CPU.Build.0 = Release|Any CPU
		{296444E6-6F14-4007-9035-C6398100FF8B}.Debug|Any CPU.ActiveCfg = Debug|Any CPU
		{296444E6-6F14-4007-9035-C6398100FF8B}.Debug|Any CPU.Build.0 = Debug|Any CPU
		{296444E6-6F14-4007-9035-C6398100FF8B}.Release|Any CPU.ActiveCfg = Release|Any CPU
		{296444E6-6F14-4007-9035-C6398100FF8B}.Release|Any CPU.Build.0 = Release|Any CPU
		{CC749973-B1E8-4225-A5DF-D0E3A7486054}.Debug|Any CPU.ActiveCfg = Debug|Any CPU
		{CC749973-B1E8-4225-A5DF-D0E3A7486054}.Debug|Any CPU.Build.0 = Debug|Any CPU
		{CC749973-B1E8-4225-A5DF-D0E3A7486054}.Release|Any CPU.ActiveCfg = Release|Any CPU
		{CC749973-B1E8-4225-A5DF-D0E3A7486054}.Release|Any CPU.Build.0 = Release|Any CPU
		{24277225-3FEE-4854-A32C-8E9B0DE40976}.Debug|Any CPU.ActiveCfg = Debug|Any CPU
		{24277225-3FEE-4854-A32C-8E9B0DE40976}.Debug|Any CPU.Build.0 = Debug|Any CPU
		{24277225-3FEE-4854-A32C-8E9B0DE40976}.Release|Any CPU.ActiveCfg = Release|Any CPU
		{24277225-3FEE-4854-A32C-8E9B0DE40976}.Release|Any CPU.Build.0 = Release|Any CPU
		{4C764808-64AA-4FBC-AB7E-765D7EBD45BE}.Debug|Any CPU.ActiveCfg = Debug|Any CPU
		{4C764808-64AA-4FBC-AB7E-765D7EBD45BE}.Debug|Any CPU.Build.0 = Debug|Any CPU
		{4C764808-64AA-4FBC-AB7E-765D7EBD45BE}.Release|Any CPU.ActiveCfg = Release|Any CPU
		{4C764808-64AA-4FBC-AB7E-765D7EBD45BE}.Release|Any CPU.Build.0 = Release|Any CPU
		{0BE71CF3-052F-44C8-972D-C264AD7F9643}.Debug|Any CPU.ActiveCfg = Debug|Any CPU
		{0BE71CF3-052F-44C8-972D-C264AD7F9643}.Debug|Any CPU.Build.0 = Debug|Any CPU
		{0BE71CF3-052F-44C8-972D-C264AD7F9643}.Release|Any CPU.ActiveCfg = Release|Any CPU
		{0BE71CF3-052F-44C8-972D-C264AD7F9643}.Release|Any CPU.Build.0 = Release|Any CPU
		{36D39745-4424-48BD-89FD-41BC9F00C416}.Debug|Any CPU.ActiveCfg = Debug|Any CPU
		{36D39745-4424-48BD-89FD-41BC9F00C416}.Debug|Any CPU.Build.0 = Debug|Any CPU
		{36D39745-4424-48BD-89FD-41BC9F00C416}.Release|Any CPU.ActiveCfg = Release|Any CPU
		{36D39745-4424-48BD-89FD-41BC9F00C416}.Release|Any CPU.Build.0 = Release|Any CPU
		{831D7E94-9953-451F-A3C7-8AA34411B347}.Debug|Any CPU.ActiveCfg = Debug|Any CPU
		{831D7E94-9953-451F-A3C7-8AA34411B347}.Debug|Any CPU.Build.0 = Debug|Any CPU
		{831D7E94-9953-451F-A3C7-8AA34411B347}.Release|Any CPU.ActiveCfg = Release|Any CPU
		{831D7E94-9953-451F-A3C7-8AA34411B347}.Release|Any CPU.Build.0 = Release|Any CPU
		{68618A6D-1077-4DB8-872A-9EC078E8B6FB}.Debug|Any CPU.ActiveCfg = Debug|Any CPU
		{68618A6D-1077-4DB8-872A-9EC078E8B6FB}.Debug|Any CPU.Build.0 = Debug|Any CPU
		{68618A6D-1077-4DB8-872A-9EC078E8B6FB}.Release|Any CPU.ActiveCfg = Release|Any CPU
		{68618A6D-1077-4DB8-872A-9EC078E8B6FB}.Release|Any CPU.Build.0 = Release|Any CPU
		{F631BE31-E8BA-46B5-ACDA-E04A4BC3409B}.Debug|Any CPU.ActiveCfg = Debug|Any CPU
		{F631BE31-E8BA-46B5-ACDA-E04A4BC3409B}.Debug|Any CPU.Build.0 = Debug|Any CPU
		{F631BE31-E8BA-46B5-ACDA-E04A4BC3409B}.Release|Any CPU.ActiveCfg = Release|Any CPU
		{F631BE31-E8BA-46B5-ACDA-E04A4BC3409B}.Release|Any CPU.Build.0 = Release|Any CPU
		{C181DF71-C3AE-4779-AD22-119E4CDE653D}.Debug|Any CPU.ActiveCfg = Debug|Any CPU
		{C181DF71-C3AE-4779-AD22-119E4CDE653D}.Debug|Any CPU.Build.0 = Debug|Any CPU
		{C181DF71-C3AE-4779-AD22-119E4CDE653D}.Release|Any CPU.ActiveCfg = Release|Any CPU
		{C181DF71-C3AE-4779-AD22-119E4CDE653D}.Release|Any CPU.Build.0 = Release|Any CPU
		{325EECBC-9016-4A82-81C7-E9E4D73BC5EA}.Debug|Any CPU.ActiveCfg = Debug|Any CPU
		{325EECBC-9016-4A82-81C7-E9E4D73BC5EA}.Debug|Any CPU.Build.0 = Debug|Any CPU
		{325EECBC-9016-4A82-81C7-E9E4D73BC5EA}.Release|Any CPU.ActiveCfg = Release|Any CPU
		{325EECBC-9016-4A82-81C7-E9E4D73BC5EA}.Release|Any CPU.Build.0 = Release|Any CPU
		{0C6071CB-C98D-4876-9378-626991046DA9}.Debug|Any CPU.ActiveCfg = Debug|Any CPU
		{0C6071CB-C98D-4876-9378-626991046DA9}.Debug|Any CPU.Build.0 = Debug|Any CPU
		{0C6071CB-C98D-4876-9378-626991046DA9}.Release|Any CPU.ActiveCfg = Release|Any CPU
		{0C6071CB-C98D-4876-9378-626991046DA9}.Release|Any CPU.Build.0 = Release|Any CPU
		{771C8D2D-0DE7-4306-9740-7168967C6B47}.Debug|Any CPU.ActiveCfg = Debug|Any CPU
		{771C8D2D-0DE7-4306-9740-7168967C6B47}.Debug|Any CPU.Build.0 = Debug|Any CPU
		{771C8D2D-0DE7-4306-9740-7168967C6B47}.Release|Any CPU.ActiveCfg = Release|Any CPU
		{771C8D2D-0DE7-4306-9740-7168967C6B47}.Release|Any CPU.Build.0 = Release|Any CPU
		{E18C2453-872A-4318-9985-50949D478110}.Debug|Any CPU.ActiveCfg = Debug|Any CPU
		{E18C2453-872A-4318-9985-50949D478110}.Debug|Any CPU.Build.0 = Debug|Any CPU
		{E18C2453-872A-4318-9985-50949D478110}.Release|Any CPU.ActiveCfg = Release|Any CPU
		{E18C2453-872A-4318-9985-50949D478110}.Release|Any CPU.Build.0 = Release|Any CPU
		{92BB89C3-E36B-4B93-9284-8F374F9B34C3}.Debug|Any CPU.ActiveCfg = Debug|Any CPU
		{92BB89C3-E36B-4B93-9284-8F374F9B34C3}.Debug|Any CPU.Build.0 = Debug|Any CPU
		{92BB89C3-E36B-4B93-9284-8F374F9B34C3}.Release|Any CPU.ActiveCfg = Release|Any CPU
		{92BB89C3-E36B-4B93-9284-8F374F9B34C3}.Release|Any CPU.Build.0 = Release|Any CPU
		{16EFE3C2-6564-4592-8117-9D2CF1CDD81C}.Debug|Any CPU.ActiveCfg = Debug|Any CPU
		{16EFE3C2-6564-4592-8117-9D2CF1CDD81C}.Debug|Any CPU.Build.0 = Debug|Any CPU
		{16EFE3C2-6564-4592-8117-9D2CF1CDD81C}.Release|Any CPU.ActiveCfg = Release|Any CPU
		{16EFE3C2-6564-4592-8117-9D2CF1CDD81C}.Release|Any CPU.Build.0 = Release|Any CPU
		{C7887EFB-FD95-4E7C-82DB-04402343FAEE}.Debug|Any CPU.ActiveCfg = Debug|Any CPU
		{C7887EFB-FD95-4E7C-82DB-04402343FAEE}.Debug|Any CPU.Build.0 = Debug|Any CPU
		{C7887EFB-FD95-4E7C-82DB-04402343FAEE}.Release|Any CPU.ActiveCfg = Release|Any CPU
		{C7887EFB-FD95-4E7C-82DB-04402343FAEE}.Release|Any CPU.Build.0 = Release|Any CPU
		{652F8678-29A7-4A91-9B04-C42F1825BFBE}.Debug|Any CPU.ActiveCfg = Debug|Any CPU
		{652F8678-29A7-4A91-9B04-C42F1825BFBE}.Debug|Any CPU.Build.0 = Debug|Any CPU
		{652F8678-29A7-4A91-9B04-C42F1825BFBE}.Release|Any CPU.ActiveCfg = Release|Any CPU
		{652F8678-29A7-4A91-9B04-C42F1825BFBE}.Release|Any CPU.Build.0 = Release|Any CPU
		{70EE8D96-4AA4-4E1E-8ABB-EF7B77367686}.Debug|Any CPU.ActiveCfg = Debug|Any CPU
		{70EE8D96-4AA4-4E1E-8ABB-EF7B77367686}.Debug|Any CPU.Build.0 = Debug|Any CPU
		{70EE8D96-4AA4-4E1E-8ABB-EF7B77367686}.Release|Any CPU.ActiveCfg = Release|Any CPU
		{70EE8D96-4AA4-4E1E-8ABB-EF7B77367686}.Release|Any CPU.Build.0 = Release|Any CPU
		{072C3CA5-7D1F-4892-95F2-15631BFFBFF5}.Debug|Any CPU.ActiveCfg = Debug|Any CPU
		{072C3CA5-7D1F-4892-95F2-15631BFFBFF5}.Debug|Any CPU.Build.0 = Debug|Any CPU
		{072C3CA5-7D1F-4892-95F2-15631BFFBFF5}.Release|Any CPU.ActiveCfg = Release|Any CPU
		{072C3CA5-7D1F-4892-95F2-15631BFFBFF5}.Release|Any CPU.Build.0 = Release|Any CPU
		{CD00E6A7-8461-459C-B4F5-7D0395A3636D}.Debug|Any CPU.ActiveCfg = Debug|Any CPU
		{CD00E6A7-8461-459C-B4F5-7D0395A3636D}.Debug|Any CPU.Build.0 = Debug|Any CPU
		{CD00E6A7-8461-459C-B4F5-7D0395A3636D}.Release|Any CPU.ActiveCfg = Release|Any CPU
		{CD00E6A7-8461-459C-B4F5-7D0395A3636D}.Release|Any CPU.Build.0 = Release|Any CPU
		{0C0B4F20-9559-4CDA-9025-C9D770EF55D3}.Debug|Any CPU.ActiveCfg = Debug|Any CPU
		{0C0B4F20-9559-4CDA-9025-C9D770EF55D3}.Debug|Any CPU.Build.0 = Debug|Any CPU
		{0C0B4F20-9559-4CDA-9025-C9D770EF55D3}.Release|Any CPU.ActiveCfg = Release|Any CPU
		{0C0B4F20-9559-4CDA-9025-C9D770EF55D3}.Release|Any CPU.Build.0 = Release|Any CPU
		{6F7D4DC8-AF61-4298-B689-F0C564E092EE}.Debug|Any CPU.ActiveCfg = Debug|Any CPU
		{6F7D4DC8-AF61-4298-B689-F0C564E092EE}.Debug|Any CPU.Build.0 = Debug|Any CPU
		{6F7D4DC8-AF61-4298-B689-F0C564E092EE}.Release|Any CPU.ActiveCfg = Release|Any CPU
		{6F7D4DC8-AF61-4298-B689-F0C564E092EE}.Release|Any CPU.Build.0 = Release|Any CPU
		{E9FD22D3-B990-4664-8EBF-2687B0E93B72}.Debug|Any CPU.ActiveCfg = Debug|Any CPU
		{E9FD22D3-B990-4664-8EBF-2687B0E93B72}.Debug|Any CPU.Build.0 = Debug|Any CPU
		{E9FD22D3-B990-4664-8EBF-2687B0E93B72}.Release|Any CPU.ActiveCfg = Release|Any CPU
		{E9FD22D3-B990-4664-8EBF-2687B0E93B72}.Release|Any CPU.Build.0 = Release|Any CPU
		{39FEC7EB-8183-4094-94EE-336FCAA88339}.Debug|Any CPU.ActiveCfg = Debug|Any CPU
		{39FEC7EB-8183-4094-94EE-336FCAA88339}.Debug|Any CPU.Build.0 = Debug|Any CPU
		{39FEC7EB-8183-4094-94EE-336FCAA88339}.Release|Any CPU.ActiveCfg = Release|Any CPU
		{39FEC7EB-8183-4094-94EE-336FCAA88339}.Release|Any CPU.Build.0 = Release|Any CPU
	EndGlobalSection
	GlobalSection(SolutionProperties) = preSolution
		HideSolutionNode = FALSE
	EndGlobalSection
	GlobalSection(NestedProjects) = preSolution
		{684FF581-1C75-4244-8A4D-E85167894F14} = {DCF99FC3-5A74-4A24-B51A-982D1E43EF43}
		{179EA859-E4DC-4683-AA37-4194C39050B2} = {DCF99FC3-5A74-4A24-B51A-982D1E43EF43}
		{4E9CD5F0-76EE-4A97-9A3D-9ACD52C0AC02} = {DCF99FC3-5A74-4A24-B51A-982D1E43EF43}
		{275A4AA2-497D-4521-A8A5-E2EBBAE485FD} = {DCF99FC3-5A74-4A24-B51A-982D1E43EF43}
		{058113B9-A990-4B9D-9331-A8CCD423183F} = {2C82A0E8-2CB3-44C6-9641-6B251D88E1C9}
		{2C82A0E8-2CB3-44C6-9641-6B251D88E1C9} = {179EA859-E4DC-4683-AA37-4194C39050B2}
		{0AC8CDC4-1CD1-4F87-B507-125B763CCFEE} = {179EA859-E4DC-4683-AA37-4194C39050B2}
		{DFE9C820-34D3-4861-BB3B-BCA24D8DC800} = {179EA859-E4DC-4683-AA37-4194C39050B2}
		{D128B2AD-09BB-42E1-A97E-BA9F92776476} = {179EA859-E4DC-4683-AA37-4194C39050B2}
		{0D21CD8C-D9BF-4B60-AE4C-E11DDD8A1F7A} = {DFE9C820-34D3-4861-BB3B-BCA24D8DC800}
		{870399E7-3118-452D-B20A-DF7DB975904C} = {D128B2AD-09BB-42E1-A97E-BA9F92776476}
		{296444E6-6F14-4007-9035-C6398100FF8B} = {0AC8CDC4-1CD1-4F87-B507-125B763CCFEE}
		{5F1CDE8D-92AC-4887-824C-F647244B98EE} = {DCF99FC3-5A74-4A24-B51A-982D1E43EF43}
		{CC749973-B1E8-4225-A5DF-D0E3A7486054} = {5F1CDE8D-92AC-4887-824C-F647244B98EE}
		{24277225-3FEE-4854-A32C-8E9B0DE40976} = {5F1CDE8D-92AC-4887-824C-F647244B98EE}
		{4C764808-64AA-4FBC-AB7E-765D7EBD45BE} = {5F1CDE8D-92AC-4887-824C-F647244B98EE}
		{0BE71CF3-052F-44C8-972D-C264AD7F9643} = {0AC8CDC4-1CD1-4F87-B507-125B763CCFEE}
		{ABE8C6C6-B4CF-40FB-AD7B-EFDE3C2C15F6} = {179EA859-E4DC-4683-AA37-4194C39050B2}
		{36D39745-4424-48BD-89FD-41BC9F00C416} = {ABE8C6C6-B4CF-40FB-AD7B-EFDE3C2C15F6}
		{831D7E94-9953-451F-A3C7-8AA34411B347} = {C635FC90-7976-4F4B-9908-9B2B15F62431}
		{6B308727-780F-4875-B29A-6C967F1B7832} = {179EA859-E4DC-4683-AA37-4194C39050B2}
		{68618A6D-1077-4DB8-872A-9EC078E8B6FB} = {6B308727-780F-4875-B29A-6C967F1B7832}
		{F631BE31-E8BA-46B5-ACDA-E04A4BC3409B} = {6C56E8BD-6A8A-4CCF-9481-4F12736A5B8A}
		{C181DF71-C3AE-4779-AD22-119E4CDE653D} = {B75C9378-5C17-4805-A9B1-EBABF5BAE57D}
		{325EECBC-9016-4A82-81C7-E9E4D73BC5EA} = {43233623-BBFD-471E-8FB8-3DC400C52CF8}
		{B75C9378-5C17-4805-A9B1-EBABF5BAE57D} = {275A4AA2-497D-4521-A8A5-E2EBBAE485FD}
		{4C969BDA-648D-4972-8B94-6205ADFB6B4B} = {275A4AA2-497D-4521-A8A5-E2EBBAE485FD}
		{5C4A6CA3-5CDB-4F0A-8D5D-8A2AE4664728} = {275A4AA2-497D-4521-A8A5-E2EBBAE485FD}
		{46A08E22-7CB6-4CDC-8433-9045487C3590} = {275A4AA2-497D-4521-A8A5-E2EBBAE485FD}
		{43233623-BBFD-471E-8FB8-3DC400C52CF8} = {275A4AA2-497D-4521-A8A5-E2EBBAE485FD}
		{884EEF64-4FCA-4675-80DD-97A4CE28F502} = {275A4AA2-497D-4521-A8A5-E2EBBAE485FD}
		{0C6071CB-C98D-4876-9378-626991046DA9} = {4C969BDA-648D-4972-8B94-6205ADFB6B4B}
		{771C8D2D-0DE7-4306-9740-7168967C6B47} = {5C4A6CA3-5CDB-4F0A-8D5D-8A2AE4664728}
		{E18C2453-872A-4318-9985-50949D478110} = {46A08E22-7CB6-4CDC-8433-9045487C3590}
		{92BB89C3-E36B-4B93-9284-8F374F9B34C3} = {4C969BDA-648D-4972-8B94-6205ADFB6B4B}
		{16EFE3C2-6564-4592-8117-9D2CF1CDD81C} = {4C969BDA-648D-4972-8B94-6205ADFB6B4B}
		{6C56E8BD-6A8A-4CCF-9481-4F12736A5B8A} = {4E9CD5F0-76EE-4A97-9A3D-9ACD52C0AC02}
		{F99F9DCA-C827-4D58-BB68-0F916C73DFF8} = {4E9CD5F0-76EE-4A97-9A3D-9ACD52C0AC02}
		{C7887EFB-FD95-4E7C-82DB-04402343FAEE} = {F99F9DCA-C827-4D58-BB68-0F916C73DFF8}
		{652F8678-29A7-4A91-9B04-C42F1825BFBE} = {F99F9DCA-C827-4D58-BB68-0F916C73DFF8}
		{6C289C87-175F-4971-A7D8-39E29923C03E} = {4E9CD5F0-76EE-4A97-9A3D-9ACD52C0AC02}
		{70EE8D96-4AA4-4E1E-8ABB-EF7B77367686} = {6C289C87-175F-4971-A7D8-39E29923C03E}
		{EB52519B-DBC0-415A-B164-14B7309AF4AE} = {4E9CD5F0-76EE-4A97-9A3D-9ACD52C0AC02}
		{072C3CA5-7D1F-4892-95F2-15631BFFBFF5} = {EB52519B-DBC0-415A-B164-14B7309AF4AE}
		{BC5400BA-E0B3-4AAD-9390-6877F06E666A} = {4E9CD5F0-76EE-4A97-9A3D-9ACD52C0AC02}
		{CD00E6A7-8461-459C-B4F5-7D0395A3636D} = {684FF581-1C75-4244-8A4D-E85167894F14}
		{0C0B4F20-9559-4CDA-9025-C9D770EF55D3} = {684FF581-1C75-4244-8A4D-E85167894F14}
		{6F7D4DC8-AF61-4298-B689-F0C564E092EE} = {684FF581-1C75-4244-8A4D-E85167894F14}
		{E9FD22D3-B990-4664-8EBF-2687B0E93B72} = {684FF581-1C75-4244-8A4D-E85167894F14}
		{39FEC7EB-8183-4094-94EE-336FCAA88339} = {684FF581-1C75-4244-8A4D-E85167894F14}
	EndGlobalSection
	GlobalSection(ExtensibilityGlobals) = postSolution
		SolutionGuid = {964B7C48-3184-48B2-BC25-73B358131DD0}
	EndGlobalSection
EndGlobal
