
Microsoft Visual Studio Solution File, Format Version 12.00
# Visual Studio Version 16
VisualStudioVersion = 16.0.30804.86
MinimumVisualStudioVersion = 10.0.40219.1
Project("{2150E333-8FDC-42A3-9474-1A3956D46DE8}") = "01.Clients", "01.Clients", "{6EF8B69D-07C6-4216-8791-487305BA0401}"
EndProject
Project("{2150E333-8FDC-42A3-9474-1A3956D46DE8}") = "02.Api.Gateways", "02.Api.Gateways", "{6334E9F3-AF46-4B19-8352-E7D0CE57E5C7}"
EndProject
Project("{2150E333-8FDC-42A3-9474-1A3956D46DE8}") = "03.Services", "03.Services", "{DCF99FC3-5A74-4A24-B51A-982D1E43EF43}"
EndProject
Project("{2150E333-8FDC-42A3-9474-1A3956D46DE8}") = "01.Identity", "01.Identity", "{684FF581-1C75-4244-8A4D-E85167894F14}"
EndProject
Project("{2150E333-8FDC-42A3-9474-1A3956D46DE8}") = "02.Catalog", "02.Catalog", "{179EA859-E4DC-4683-AA37-4194C39050B2}"
EndProject
Project("{2150E333-8FDC-42A3-9474-1A3956D46DE8}") = "03.Customer", "03.Customer", "{4E9CD5F0-76EE-4A97-9A3D-9ACD52C0AC02}"
EndProject
Project("{2150E333-8FDC-42A3-9474-1A3956D46DE8}") = "04.Order", "04.Order", "{275A4AA2-497D-4521-A8A5-E2EBBAE485FD}"
EndProject
Project("{9A19103F-16F7-4668-BE54-9A1E7A4F7556}") = "Catalog.Api", "src\Services\Catalog\Catalog.Api\Catalog.Api.csproj", "{058113B9-A990-4B9D-9331-A8CCD423183F}"
EndProject
Project("{2150E333-8FDC-42A3-9474-1A3956D46DE8}") = "01.Api", "01.Api", "{2C82A0E8-2CB3-44C6-9641-6B251D88E1C9}"
EndProject
Project("{2150E333-8FDC-42A3-9474-1A3956D46DE8}") = "02.Services", "02.Services", "{0AC8CDC4-1CD1-4F87-B507-125B763CCFEE}"
EndProject
Project("{2150E333-8FDC-42A3-9474-1A3956D46DE8}") = "03.Persistence", "03.Persistence", "{DFE9C820-34D3-4861-BB3B-BCA24D8DC800}"
EndProject
Project("{2150E333-8FDC-42A3-9474-1A3956D46DE8}") = "04.Models", "04.Models", "{D128B2AD-09BB-42E1-A97E-BA9F92776476}"
EndProject
Project("{9A19103F-16F7-4668-BE54-9A1E7A4F7556}") = "Catalog.Persistence.Database", "src\Services\Catalog\Catalog.Persistence.Database\Catalog.Persistence.Database.csproj", "{0D21CD8C-D9BF-4B60-AE4C-E11DDD8A1F7A}"
EndProject
Project("{9A19103F-16F7-4668-BE54-9A1E7A4F7556}") = "Catalog.Domain", "src\Services\Catalog\Catalog.Domain\Catalog.Domain.csproj", "{870399E7-3118-452D-B20A-DF7DB975904C}"
EndProject
Project("{9A19103F-16F7-4668-BE54-9A1E7A4F7556}") = "Catalog.Service.Queries", "src\Services\Catalog\Catalog.Service.Queries\Catalog.Service.Queries.csproj", "{296444E6-6F14-4007-9035-C6398100FF8B}"
EndProject
Project("{2150E333-8FDC-42A3-9474-1A3956D46DE8}") = "Common", "Common", "{5F1CDE8D-92AC-4887-824C-F647244B98EE}"
EndProject
Project("{9A19103F-16F7-4668-BE54-9A1E7A4F7556}") = "Service.Common.Collection", "src\Services\Service.Common.Collection\Service.Common.Collection.csproj", "{CC749973-B1E8-4225-A5DF-D0E3A7486054}"
EndProject
Project("{9A19103F-16F7-4668-BE54-9A1E7A4F7556}") = "Service.Common.Mapping", "src\Services\Service.Common.Mapping\Service.Common.Mapping.csproj", "{24277225-3FEE-4854-A32C-8E9B0DE40976}"
EndProject
Project("{9A19103F-16F7-4668-BE54-9A1E7A4F7556}") = "Service.Common.Paging", "src\Services\Service.Common.Paging\Service.Common.Paging.csproj", "{4C764808-64AA-4FBC-AB7E-765D7EBD45BE}"
EndProject
Project("{9A19103F-16F7-4668-BE54-9A1E7A4F7556}") = "Catalog.Service.EventHandlers", "src\Services\Catalog\Catalog.Service.EventHandlers\Catalog.Service.EventHandlers.csproj", "{0BE71CF3-052F-44C8-972D-C264AD7F9643}"
EndProject
Project("{2150E333-8FDC-42A3-9474-1A3956D46DE8}") = "05.Common", "05.Common", "{ABE8C6C6-B4CF-40FB-AD7B-EFDE3C2C15F6}"
EndProject
Project("{FAE04EC0-301F-11D3-BF4B-00C04F79EFBC}") = "Catalog.Common", "src\Services\Catalog\Catalog.Common\Catalog.Common.csproj", "{36D39745-4424-48BD-89FD-41BC9F00C416}"
EndProject
Project("{2150E333-8FDC-42A3-9474-1A3956D46DE8}") = "04.Common", "04.Common", "{C635FC90-7976-4F4B-9908-9B2B15F62431}"
EndProject
Project("{FAE04EC0-301F-11D3-BF4B-00C04F79EFBC}") = "Common.Logging", "src\Common.Logging\Common.Logging.csproj", "{831D7E94-9953-451F-A3C7-8AA34411B347}"
EndProject
Global
	GlobalSection(SolutionConfigurationPlatforms) = preSolution
		Debug|Any CPU = Debug|Any CPU
		Release|Any CPU = Release|Any CPU
	EndGlobalSection
	GlobalSection(ProjectConfigurationPlatforms) = postSolution
		{058113B9-A990-4B9D-9331-A8CCD423183F}.Debug|Any CPU.ActiveCfg = Debug|Any CPU
		{058113B9-A990-4B9D-9331-A8CCD423183F}.Debug|Any CPU.Build.0 = Debug|Any CPU
		{058113B9-A990-4B9D-9331-A8CCD423183F}.Release|Any CPU.ActiveCfg = Release|Any CPU
		{058113B9-A990-4B9D-9331-A8CCD423183F}.Release|Any CPU.Build.0 = Release|Any CPU
		{0D21CD8C-D9BF-4B60-AE4C-E11DDD8A1F7A}.Debug|Any CPU.ActiveCfg = Debug|Any CPU
		{0D21CD8C-D9BF-4B60-AE4C-E11DDD8A1F7A}.Debug|Any CPU.Build.0 = Debug|Any CPU
		{0D21CD8C-D9BF-4B60-AE4C-E11DDD8A1F7A}.Release|Any CPU.ActiveCfg = Release|Any CPU
		{0D21CD8C-D9BF-4B60-AE4C-E11DDD8A1F7A}.Release|Any CPU.Build.0 = Release|Any CPU
		{870399E7-3118-452D-B20A-DF7DB975904C}.Debug|Any CPU.ActiveCfg = Debug|Any CPU
		{870399E7-3118-452D-B20A-DF7DB975904C}.Debug|Any CPU.Build.0 = Debug|Any CPU
		{870399E7-3118-452D-B20A-DF7DB975904C}.Release|Any CPU.ActiveCfg = Release|Any CPU
		{870399E7-3118-452D-B20A-DF7DB975904C}.Release|Any CPU.Build.0 = Release|Any CPU
		{296444E6-6F14-4007-9035-C6398100FF8B}.Debug|Any CPU.ActiveCfg = Debug|Any CPU
		{296444E6-6F14-4007-9035-C6398100FF8B}.Debug|Any CPU.Build.0 = Debug|Any CPU
		{296444E6-6F14-4007-9035-C6398100FF8B}.Release|Any CPU.ActiveCfg = Release|Any CPU
		{296444E6-6F14-4007-9035-C6398100FF8B}.Release|Any CPU.Build.0 = Release|Any CPU
		{CC749973-B1E8-4225-A5DF-D0E3A7486054}.Debug|Any CPU.ActiveCfg = Debug|Any CPU
		{CC749973-B1E8-4225-A5DF-D0E3A7486054}.Debug|Any CPU.Build.0 = Debug|Any CPU
		{CC749973-B1E8-4225-A5DF-D0E3A7486054}.Release|Any CPU.ActiveCfg = Release|Any CPU
		{CC749973-B1E8-4225-A5DF-D0E3A7486054}.Release|Any CPU.Build.0 = Release|Any CPU
		{24277225-3FEE-4854-A32C-8E9B0DE40976}.Debug|Any CPU.ActiveCfg = Debug|Any CPU
		{24277225-3FEE-4854-A32C-8E9B0DE40976}.Debug|Any CPU.Build.0 = Debug|Any CPU
		{24277225-3FEE-4854-A32C-8E9B0DE40976}.Release|Any CPU.ActiveCfg = Release|Any CPU
		{24277225-3FEE-4854-A32C-8E9B0DE40976}.Release|Any CPU.Build.0 = Release|Any CPU
		{4C764808-64AA-4FBC-AB7E-765D7EBD45BE}.Debug|Any CPU.ActiveCfg = Debug|Any CPU
		{4C764808-64AA-4FBC-AB7E-765D7EBD45BE}.Debug|Any CPU.Build.0 = Debug|Any CPU
		{4C764808-64AA-4FBC-AB7E-765D7EBD45BE}.Release|Any CPU.ActiveCfg = Release|Any CPU
		{4C764808-64AA-4FBC-AB7E-765D7EBD45BE}.Release|Any CPU.Build.0 = Release|Any CPU
		{0BE71CF3-052F-44C8-972D-C264AD7F9643}.Debug|Any CPU.ActiveCfg = Debug|Any CPU
		{0BE71CF3-052F-44C8-972D-C264AD7F9643}.Debug|Any CPU.Build.0 = Debug|Any CPU
		{0BE71CF3-052F-44C8-972D-C264AD7F9643}.Release|Any CPU.ActiveCfg = Release|Any CPU
		{0BE71CF3-052F-44C8-972D-C264AD7F9643}.Release|Any CPU.Build.0 = Release|Any CPU
		{36D39745-4424-48BD-89FD-41BC9F00C416}.Debug|Any CPU.ActiveCfg = Debug|Any CPU
		{36D39745-4424-48BD-89FD-41BC9F00C416}.Debug|Any CPU.Build.0 = Debug|Any CPU
		{36D39745-4424-48BD-89FD-41BC9F00C416}.Release|Any CPU.ActiveCfg = Release|Any CPU
		{36D39745-4424-48BD-89FD-41BC9F00C416}.Release|Any CPU.Build.0 = Release|Any CPU
		{831D7E94-9953-451F-A3C7-8AA34411B347}.Debug|Any CPU.ActiveCfg = Debug|Any CPU
		{831D7E94-9953-451F-A3C7-8AA34411B347}.Debug|Any CPU.Build.0 = Debug|Any CPU
		{831D7E94-9953-451F-A3C7-8AA34411B347}.Release|Any CPU.ActiveCfg = Release|Any CPU
		{831D7E94-9953-451F-A3C7-8AA34411B347}.Release|Any CPU.Build.0 = Release|Any CPU
	EndGlobalSection
	GlobalSection(SolutionProperties) = preSolution
		HideSolutionNode = FALSE
	EndGlobalSection
	GlobalSection(NestedProjects) = preSolution
		{684FF581-1C75-4244-8A4D-E85167894F14} = {DCF99FC3-5A74-4A24-B51A-982D1E43EF43}
		{179EA859-E4DC-4683-AA37-4194C39050B2} = {DCF99FC3-5A74-4A24-B51A-982D1E43EF43}
		{4E9CD5F0-76EE-4A97-9A3D-9ACD52C0AC02} = {DCF99FC3-5A74-4A24-B51A-982D1E43EF43}
		{275A4AA2-497D-4521-A8A5-E2EBBAE485FD} = {DCF99FC3-5A74-4A24-B51A-982D1E43EF43}
		{058113B9-A990-4B9D-9331-A8CCD423183F} = {2C82A0E8-2CB3-44C6-9641-6B251D88E1C9}
		{2C82A0E8-2CB3-44C6-9641-6B251D88E1C9} = {179EA859-E4DC-4683-AA37-4194C39050B2}
		{0AC8CDC4-1CD1-4F87-B507-125B763CCFEE} = {179EA859-E4DC-4683-AA37-4194C39050B2}
		{DFE9C820-34D3-4861-BB3B-BCA24D8DC800} = {179EA859-E4DC-4683-AA37-4194C39050B2}
		{D128B2AD-09BB-42E1-A97E-BA9F92776476} = {179EA859-E4DC-4683-AA37-4194C39050B2}
		{0D21CD8C-D9BF-4B60-AE4C-E11DDD8A1F7A} = {DFE9C820-34D3-4861-BB3B-BCA24D8DC800}
		{870399E7-3118-452D-B20A-DF7DB975904C} = {D128B2AD-09BB-42E1-A97E-BA9F92776476}
		{296444E6-6F14-4007-9035-C6398100FF8B} = {0AC8CDC4-1CD1-4F87-B507-125B763CCFEE}
		{5F1CDE8D-92AC-4887-824C-F647244B98EE} = {DCF99FC3-5A74-4A24-B51A-982D1E43EF43}
		{CC749973-B1E8-4225-A5DF-D0E3A7486054} = {5F1CDE8D-92AC-4887-824C-F647244B98EE}
		{24277225-3FEE-4854-A32C-8E9B0DE40976} = {5F1CDE8D-92AC-4887-824C-F647244B98EE}
		{4C764808-64AA-4FBC-AB7E-765D7EBD45BE} = {5F1CDE8D-92AC-4887-824C-F647244B98EE}
		{0BE71CF3-052F-44C8-972D-C264AD7F9643} = {0AC8CDC4-1CD1-4F87-B507-125B763CCFEE}
		{ABE8C6C6-B4CF-40FB-AD7B-EFDE3C2C15F6} = {179EA859-E4DC-4683-AA37-4194C39050B2}
		{36D39745-4424-48BD-89FD-41BC9F00C416} = {ABE8C6C6-B4CF-40FB-AD7B-EFDE3C2C15F6}
		{831D7E94-9953-451F-A3C7-8AA34411B347} = {C635FC90-7976-4F4B-9908-9B2B15F62431}
	EndGlobalSection
	GlobalSection(ExtensibilityGlobals) = postSolution
		SolutionGuid = {964B7C48-3184-48B2-BC25-73B358131DD0}
	EndGlobalSection
EndGlobal
